
Microsoft Visual Studio Solution File, Format Version 12.00
# Visual Studio Version 16
VisualStudioVersion = 16.0.31129.286
MinimumVisualStudioVersion = 10.0.40219.1
Project("{FAE04EC0-301F-11D3-BF4B-00C04F79EFBC}") = "CBasic4", "CBasic4\CBasic4.csproj", "{29E60A12-04FD-4BF6-AD51-3F347B351061}"
EndProject
Global
	GlobalSection(SolutionConfigurationPlatforms) = preSolution
		Debug|Any CPU = Debug|Any CPU
		Release|Any CPU = Release|Any CPU
	EndGlobalSection
	GlobalSection(ProjectConfigurationPlatforms) = postSolution
		{29E60A12-04FD-4BF6-AD51-3F347B351061}.Debug|Any CPU.ActiveCfg = Debug|Any CPU
		{29E60A12-04FD-4BF6-AD51-3F347B351061}.Debug|Any CPU.Build.0 = Debug|Any CPU
		{29E60A12-04FD-4BF6-AD51-3F347B351061}.Release|Any CPU.ActiveCfg = Release|Any CPU
		{29E60A12-04FD-4BF6-AD51-3F347B351061}.Release|Any CPU.Build.0 = Release|Any CPU
	EndGlobalSection
	GlobalSection(SolutionProperties) = preSolution
		HideSolutionNode = FALSE
	EndGlobalSection
	GlobalSection(ExtensibilityGlobals) = postSolution
		SolutionGuid = {9F5D0903-9FD9-4588-922A-231BE0368C09}
	EndGlobalSection
EndGlobal
